// !$*UTF8*$!
{
	archiveVersion = 1;
	classes = {
	};
	objectVersion = 56;
	objects = {

/* Begin PBXBuildFile section */
		4E1488662B99566B002C3518 /* Coordinator.swift in Sources */ = {isa = PBXBuildFile; fileRef = 4E1488652B99566B002C3518 /* Coordinator.swift */; };
		4E1488682B995697002C3518 /* RootViewController.swift in Sources */ = {isa = PBXBuildFile; fileRef = 4E1488672B995697002C3518 /* RootViewController.swift */; };
		4E14886B2B9957BC002C3518 /* Alamofire in Frameworks */ = {isa = PBXBuildFile; productRef = 4E14886A2B9957BC002C3518 /* Alamofire */; };
		4E14886D2B9957BC002C3518 /* AlamofireDynamic in Frameworks */ = {isa = PBXBuildFile; productRef = 4E14886C2B9957BC002C3518 /* AlamofireDynamic */; };
		4E1488702B9957E1002C3518 /* SDWebImage in Frameworks */ = {isa = PBXBuildFile; productRef = 4E14886F2B9957E1002C3518 /* SDWebImage */; };
		4E1488722B9957E1002C3518 /* SDWebImageMapKit in Frameworks */ = {isa = PBXBuildFile; productRef = 4E1488712B9957E1002C3518 /* SDWebImageMapKit */; };
		4E1488742B99587E002C3518 /* Article.swift in Sources */ = {isa = PBXBuildFile; fileRef = 4E1488732B99587E002C3518 /* Article.swift */; };
		4E1488772B9958E3002C3518 /* ArticleService.swift in Sources */ = {isa = PBXBuildFile; fileRef = 4E1488762B9958E3002C3518 /* ArticleService.swift */; };
		4E14887A2B995AA9002C3518 /* RootViewModel.swift in Sources */ = {isa = PBXBuildFile; fileRef = 4E1488792B995AA9002C3518 /* RootViewModel.swift */; };
		4E14887C2B996806002C3518 /* ArticleViewModel.swift in Sources */ = {isa = PBXBuildFile; fileRef = 4E14887B2B996806002C3518 /* ArticleViewModel.swift */; };
		4E14887F2B996A7D002C3518 /* ArticleCell.swift in Sources */ = {isa = PBXBuildFile; fileRef = 4E14887E2B996A7D002C3518 /* ArticleCell.swift */; };
		4E421A372B970E1500B62C2B /* AppDelegate.swift in Sources */ = {isa = PBXBuildFile; fileRef = 4E421A362B970E1500B62C2B /* AppDelegate.swift */; };
		4E421A392B970E1500B62C2B /* SceneDelegate.swift in Sources */ = {isa = PBXBuildFile; fileRef = 4E421A382B970E1500B62C2B /* SceneDelegate.swift */; };
		4E421A402B970E1600B62C2B /* Assets.xcassets in Resources */ = {isa = PBXBuildFile; fileRef = 4E421A3F2B970E1600B62C2B /* Assets.xcassets */; };
		4E421A432B970E1600B62C2B /* LaunchScreen.storyboard in Resources */ = {isa = PBXBuildFile; fileRef = 4E421A412B970E1600B62C2B /* LaunchScreen.storyboard */; };
		4E421A502B97170800B62C2B /* SnapKit in Frameworks */ = {isa = PBXBuildFile; productRef = 4E421A4F2B97170800B62C2B /* SnapKit */; };
		4E421A522B97170800B62C2B /* SnapKit-Dynamic in Frameworks */ = {isa = PBXBuildFile; productRef = 4E421A512B97170800B62C2B /* SnapKit-Dynamic */; };
		4ED117D52B980620003B930E /* RxBlocking in Frameworks */ = {isa = PBXBuildFile; productRef = 4ED117D42B980620003B930E /* RxBlocking */; };
		4ED117D72B980620003B930E /* RxBlocking-Dynamic in Frameworks */ = {isa = PBXBuildFile; productRef = 4ED117D62B980620003B930E /* RxBlocking-Dynamic */; };
		4ED117D92B980620003B930E /* RxCocoa in Frameworks */ = {isa = PBXBuildFile; productRef = 4ED117D82B980620003B930E /* RxCocoa */; };
		4ED117DB2B980620003B930E /* RxCocoa-Dynamic in Frameworks */ = {isa = PBXBuildFile; productRef = 4ED117DA2B980620003B930E /* RxCocoa-Dynamic */; };
		4ED117DD2B980620003B930E /* RxRelay in Frameworks */ = {isa = PBXBuildFile; productRef = 4ED117DC2B980620003B930E /* RxRelay */; };
/* End PBXBuildFile section */

/* Begin PBXFileReference section */
		4E1488652B99566B002C3518 /* Coordinator.swift */ = {isa = PBXFileReference; lastKnownFileType = sourcecode.swift; path = Coordinator.swift; sourceTree = "<group>"; };
		4E1488672B995697002C3518 /* RootViewController.swift */ = {isa = PBXFileReference; lastKnownFileType = sourcecode.swift; path = RootViewController.swift; sourceTree = "<group>"; };
		4E1488732B99587E002C3518 /* Article.swift */ = {isa = PBXFileReference; lastKnownFileType = sourcecode.swift; path = Article.swift; sourceTree = "<group>"; };
		4E1488762B9958E3002C3518 /* ArticleService.swift */ = {isa = PBXFileReference; lastKnownFileType = sourcecode.swift; path = ArticleService.swift; sourceTree = "<group>"; };
		4E1488792B995AA9002C3518 /* RootViewModel.swift */ = {isa = PBXFileReference; lastKnownFileType = sourcecode.swift; path = RootViewModel.swift; sourceTree = "<group>"; };
		4E14887B2B996806002C3518 /* ArticleViewModel.swift */ = {isa = PBXFileReference; lastKnownFileType = sourcecode.swift; path = ArticleViewModel.swift; sourceTree = "<group>"; };
		4E14887E2B996A7D002C3518 /* ArticleCell.swift */ = {isa = PBXFileReference; lastKnownFileType = sourcecode.swift; path = ArticleCell.swift; sourceTree = "<group>"; };
		4E421A332B970E1500B62C2B /* myProject1.app */ = {isa = PBXFileReference; explicitFileType = wrapper.application; includeInIndex = 0; path = myProject1.app; sourceTree = BUILT_PRODUCTS_DIR; };
		4E421A362B970E1500B62C2B /* AppDelegate.swift */ = {isa = PBXFileReference; lastKnownFileType = sourcecode.swift; path = AppDelegate.swift; sourceTree = "<group>"; };
		4E421A382B970E1500B62C2B /* SceneDelegate.swift */ = {isa = PBXFileReference; lastKnownFileType = sourcecode.swift; path = SceneDelegate.swift; sourceTree = "<group>"; };
		4E421A3F2B970E1600B62C2B /* Assets.xcassets */ = {isa = PBXFileReference; lastKnownFileType = folder.assetcatalog; path = Assets.xcassets; sourceTree = "<group>"; };
		4E421A422B970E1600B62C2B /* Base */ = {isa = PBXFileReference; lastKnownFileType = file.storyboard; name = Base; path = Base.lproj/LaunchScreen.storyboard; sourceTree = "<group>"; };
		4E421A442B970E1600B62C2B /* Info.plist */ = {isa = PBXFileReference; lastKnownFileType = text.plist.xml; path = Info.plist; sourceTree = "<group>"; };
/* End PBXFileReference section */

/* Begin PBXFrameworksBuildPhase section */
		4E421A302B970E1500B62C2B /* Frameworks */ = {
			isa = PBXFrameworksBuildPhase;
			buildActionMask = 2147483647;
			files = (
				4E421A502B97170800B62C2B /* SnapKit in Frameworks */,
				4E14886B2B9957BC002C3518 /* Alamofire in Frameworks */,
				4ED117D52B980620003B930E /* RxBlocking in Frameworks */,
				4ED117DD2B980620003B930E /* RxRelay in Frameworks */,
				4E1488702B9957E1002C3518 /* SDWebImage in Frameworks */,
				4ED117D92B980620003B930E /* RxCocoa in Frameworks */,
				4E421A522B97170800B62C2B /* SnapKit-Dynamic in Frameworks */,
				4E1488722B9957E1002C3518 /* SDWebImageMapKit in Frameworks */,
				4ED117DB2B980620003B930E /* RxCocoa-Dynamic in Frameworks */,
				4E14886D2B9957BC002C3518 /* AlamofireDynamic in Frameworks */,
				4ED117D72B980620003B930E /* RxBlocking-Dynamic in Frameworks */,
			);
			runOnlyForDeploymentPostprocessing = 0;
		};
/* End PBXFrameworksBuildPhase section */

/* Begin PBXGroup section */
		4E1488752B9958D9002C3518 /* Services */ = {
			isa = PBXGroup;
			children = (
				4E1488762B9958E3002C3518 /* ArticleService.swift */,
			);
			path = Services;
			sourceTree = "<group>";
		};
		4E1488782B995AA1002C3518 /* ViewModels */ = {
			isa = PBXGroup;
			children = (
				4E1488792B995AA9002C3518 /* RootViewModel.swift */,
				4E14887B2B996806002C3518 /* ArticleViewModel.swift */,
			);
			path = ViewModels;
			sourceTree = "<group>";
		};
		4E14887D2B996A74002C3518 /* Views */ = {
			isa = PBXGroup;
			children = (
				4E14887E2B996A7D002C3518 /* ArticleCell.swift */,
			);
			path = Views;
			sourceTree = "<group>";
		};
		4E421A2A2B970E1500B62C2B = {
			isa = PBXGroup;
			children = (
				4E421A352B970E1500B62C2B /* myProject1 */,
				4E421A342B970E1500B62C2B /* Products */,
			);
			sourceTree = "<group>";
		};
		4E421A342B970E1500B62C2B /* Products */ = {
			isa = PBXGroup;
			children = (
				4E421A332B970E1500B62C2B /* myProject1.app */,
			);
			name = Products;
			sourceTree = "<group>";
		};
		4E421A352B970E1500B62C2B /* myProject1 */ = {
			isa = PBXGroup;
			children = (
				4E14887D2B996A74002C3518 /* Views */,
				4E1488782B995AA1002C3518 /* ViewModels */,
				4E1488752B9958D9002C3518 /* Services */,
				4E421A552B97173B00B62C2B /* Models */,
				4E421A542B97173700B62C2B /* Controllers */,
				4E421A362B970E1500B62C2B /* AppDelegate.swift */,
				4E421A382B970E1500B62C2B /* SceneDelegate.swift */,
				4E421A3F2B970E1600B62C2B /* Assets.xcassets */,
				4E421A412B970E1600B62C2B /* LaunchScreen.storyboard */,
				4E421A442B970E1600B62C2B /* Info.plist */,
				4E1488652B99566B002C3518 /* Coordinator.swift */,
			);
			path = myProject1;
			sourceTree = "<group>";
		};
		4E421A542B97173700B62C2B /* Controllers */ = {
			isa = PBXGroup;
			children = (
				4E1488672B995697002C3518 /* RootViewController.swift */,
			);
			path = Controllers;
			sourceTree = "<group>";
		};
		4E421A552B97173B00B62C2B /* Models */ = {
			isa = PBXGroup;
			children = (
				4E1488732B99587E002C3518 /* Article.swift */,
			);
			path = Models;
			sourceTree = "<group>";
		};
/* End PBXGroup section */

/* Begin PBXNativeTarget section */
		4E421A322B970E1500B62C2B /* myProject1 */ = {
			isa = PBXNativeTarget;
			buildConfigurationList = 4E421A472B970E1600B62C2B /* Build configuration list for PBXNativeTarget "myProject1" */;
			buildPhases = (
				4E421A2F2B970E1500B62C2B /* Sources */,
				4E421A302B970E1500B62C2B /* Frameworks */,
				4E421A312B970E1500B62C2B /* Resources */,
			);
			buildRules = (
			);
			dependencies = (
			);
			name = myProject1;
			packageProductDependencies = (
				4E421A4F2B97170800B62C2B /* SnapKit */,
				4E421A512B97170800B62C2B /* SnapKit-Dynamic */,
				4ED117D42B980620003B930E /* RxBlocking */,
				4ED117D62B980620003B930E /* RxBlocking-Dynamic */,
				4ED117D82B980620003B930E /* RxCocoa */,
				4ED117DA2B980620003B930E /* RxCocoa-Dynamic */,
				4ED117DC2B980620003B930E /* RxRelay */,
				4E14886A2B9957BC002C3518 /* Alamofire */,
				4E14886C2B9957BC002C3518 /* AlamofireDynamic */,
				4E14886F2B9957E1002C3518 /* SDWebImage */,
				4E1488712B9957E1002C3518 /* SDWebImageMapKit */,
			);
			productName = myProject1;
			productReference = 4E421A332B970E1500B62C2B /* myProject1.app */;
			productType = "com.apple.product-type.application";
		};
/* End PBXNativeTarget section */

/* Begin PBXProject section */
		4E421A2B2B970E1500B62C2B /* Project object */ = {
			isa = PBXProject;
			attributes = {
				BuildIndependentTargetsInParallel = 1;
				LastSwiftUpdateCheck = 1500;
				LastUpgradeCheck = 1500;
				TargetAttributes = {
					4E421A322B970E1500B62C2B = {
						CreatedOnToolsVersion = 15.0;
					};
				};
			};
			buildConfigurationList = 4E421A2E2B970E1500B62C2B /* Build configuration list for PBXProject "myProject1" */;
			compatibilityVersion = "Xcode 14.0";
			developmentRegion = en;
			hasScannedForEncodings = 0;
			knownRegions = (
				en,
				Base,
			);
			mainGroup = 4E421A2A2B970E1500B62C2B;
			packageReferences = (
				4E421A4E2B97170800B62C2B /* XCRemoteSwiftPackageReference "SnapKit" */,
				4ED117D32B980620003B930E /* XCRemoteSwiftPackageReference "RxSwift" */,
				4E1488692B9957BC002C3518 /* XCRemoteSwiftPackageReference "Alamofire" */,
				4E14886E2B9957E1002C3518 /* XCRemoteSwiftPackageReference "SDWebImage" */,
			);
			productRefGroup = 4E421A342B970E1500B62C2B /* Products */;
			projectDirPath = "";
			projectRoot = "";
			targets = (
				4E421A322B970E1500B62C2B /* myProject1 */,
			);
		};
/* End PBXProject section */

/* Begin PBXResourcesBuildPhase section */
		4E421A312B970E1500B62C2B /* Resources */ = {
			isa = PBXResourcesBuildPhase;
			buildActionMask = 2147483647;
			files = (
				4E421A432B970E1600B62C2B /* LaunchScreen.storyboard in Resources */,
				4E421A402B970E1600B62C2B /* Assets.xcassets in Resources */,
			);
			runOnlyForDeploymentPostprocessing = 0;
		};
/* End PBXResourcesBuildPhase section */

/* Begin PBXSourcesBuildPhase section */
		4E421A2F2B970E1500B62C2B /* Sources */ = {
			isa = PBXSourcesBuildPhase;
			buildActionMask = 2147483647;
			files = (
				4E1488682B995697002C3518 /* RootViewController.swift in Sources */,
				4E14887C2B996806002C3518 /* ArticleViewModel.swift in Sources */,
				4E1488742B99587E002C3518 /* Article.swift in Sources */,
				4E421A372B970E1500B62C2B /* AppDelegate.swift in Sources */,
				4E1488772B9958E3002C3518 /* ArticleService.swift in Sources */,
				4E14887F2B996A7D002C3518 /* ArticleCell.swift in Sources */,
				4E421A392B970E1500B62C2B /* SceneDelegate.swift in Sources */,
				4E14887A2B995AA9002C3518 /* RootViewModel.swift in Sources */,
				4E1488662B99566B002C3518 /* Coordinator.swift in Sources */,
			);
			runOnlyForDeploymentPostprocessing = 0;
		};
/* End PBXSourcesBuildPhase section */

/* Begin PBXVariantGroup section */
		4E421A412B970E1600B62C2B /* LaunchScreen.storyboard */ = {
			isa = PBXVariantGroup;
			children = (
				4E421A422B970E1600B62C2B /* Base */,
			);
			name = LaunchScreen.storyboard;
			sourceTree = "<group>";
		};
/* End PBXVariantGroup section */

/* Begin XCBuildConfiguration section */
		4E421A452B970E1600B62C2B /* Debug */ = {
			isa = XCBuildConfiguration;
			buildSettings = {
				ALWAYS_SEARCH_USER_PATHS = NO;
				ASSETCATALOG_COMPILER_GENERATE_SWIFT_ASSET_SYMBOL_EXTENSIONS = YES;
				CLANG_ANALYZER_NONNULL = YES;
				CLANG_ANALYZER_NUMBER_OBJECT_CONVERSION = YES_AGGRESSIVE;
				CLANG_CXX_LANGUAGE_STANDARD = "gnu++20";
				CLANG_ENABLE_MODULES = YES;
				CLANG_ENABLE_OBJC_ARC = YES;
				CLANG_ENABLE_OBJC_WEAK = YES;
				CLANG_WARN_BLOCK_CAPTURE_AUTORELEASING = YES;
				CLANG_WARN_BOOL_CONVERSION = YES;
				CLANG_WARN_COMMA = YES;
				CLANG_WARN_CONSTANT_CONVERSION = YES;
				CLANG_WARN_DEPRECATED_OBJC_IMPLEMENTATIONS = YES;
				CLANG_WARN_DIRECT_OBJC_ISA_USAGE = YES_ERROR;
				CLANG_WARN_DOCUMENTATION_COMMENTS = YES;
				CLANG_WARN_EMPTY_BODY = YES;
				CLANG_WARN_ENUM_CONVERSION = YES;
				CLANG_WARN_INFINITE_RECURSION = YES;
				CLANG_WARN_INT_CONVERSION = YES;
				CLANG_WARN_NON_LITERAL_NULL_CONVERSION = YES;
				CLANG_WARN_OBJC_IMPLICIT_RETAIN_SELF = YES;
				CLANG_WARN_OBJC_LITERAL_CONVERSION = YES;
				CLANG_WARN_OBJC_ROOT_CLASS = YES_ERROR;
				CLANG_WARN_QUOTED_INCLUDE_IN_FRAMEWORK_HEADER = YES;
				CLANG_WARN_RANGE_LOOP_ANALYSIS = YES;
				CLANG_WARN_STRICT_PROTOTYPES = YES;
				CLANG_WARN_SUSPICIOUS_MOVE = YES;
				CLANG_WARN_UNGUARDED_AVAILABILITY = YES_AGGRESSIVE;
				CLANG_WARN_UNREACHABLE_CODE = YES;
				CLANG_WARN__DUPLICATE_METHOD_MATCH = YES;
				COPY_PHASE_STRIP = NO;
				DEBUG_INFORMATION_FORMAT = dwarf;
				ENABLE_STRICT_OBJC_MSGSEND = YES;
				ENABLE_TESTABILITY = YES;
				ENABLE_USER_SCRIPT_SANDBOXING = YES;
				GCC_C_LANGUAGE_STANDARD = gnu17;
				GCC_DYNAMIC_NO_PIC = NO;
				GCC_NO_COMMON_BLOCKS = YES;
				GCC_OPTIMIZATION_LEVEL = 0;
				GCC_PREPROCESSOR_DEFINITIONS = (
					"DEBUG=1",
					"$(inherited)",
				);
				GCC_WARN_64_TO_32_BIT_CONVERSION = YES;
				GCC_WARN_ABOUT_RETURN_TYPE = YES_ERROR;
				GCC_WARN_UNDECLARED_SELECTOR = YES;
				GCC_WARN_UNINITIALIZED_AUTOS = YES_AGGRESSIVE;
				GCC_WARN_UNUSED_FUNCTION = YES;
				GCC_WARN_UNUSED_VARIABLE = YES;
				IPHONEOS_DEPLOYMENT_TARGET = 17.0;
				LOCALIZATION_PREFERS_STRING_CATALOGS = YES;
				MTL_ENABLE_DEBUG_INFO = INCLUDE_SOURCE;
				MTL_FAST_MATH = YES;
				ONLY_ACTIVE_ARCH = YES;
				SDKROOT = iphoneos;
				SWIFT_ACTIVE_COMPILATION_CONDITIONS = "DEBUG $(inherited)";
				SWIFT_OPTIMIZATION_LEVEL = "-Onone";
			};
			name = Debug;
		};
		4E421A462B970E1600B62C2B /* Release */ = {
			isa = XCBuildConfiguration;
			buildSettings = {
				ALWAYS_SEARCH_USER_PATHS = NO;
				ASSETCATALOG_COMPILER_GENERATE_SWIFT_ASSET_SYMBOL_EXTENSIONS = YES;
				CLANG_ANALYZER_NONNULL = YES;
				CLANG_ANALYZER_NUMBER_OBJECT_CONVERSION = YES_AGGRESSIVE;
				CLANG_CXX_LANGUAGE_STANDARD = "gnu++20";
				CLANG_ENABLE_MODULES = YES;
				CLANG_ENABLE_OBJC_ARC = YES;
				CLANG_ENABLE_OBJC_WEAK = YES;
				CLANG_WARN_BLOCK_CAPTURE_AUTORELEASING = YES;
				CLANG_WARN_BOOL_CONVERSION = YES;
				CLANG_WARN_COMMA = YES;
				CLANG_WARN_CONSTANT_CONVERSION = YES;
				CLANG_WARN_DEPRECATED_OBJC_IMPLEMENTATIONS = YES;
				CLANG_WARN_DIRECT_OBJC_ISA_USAGE = YES_ERROR;
				CLANG_WARN_DOCUMENTATION_COMMENTS = YES;
				CLANG_WARN_EMPTY_BODY = YES;
				CLANG_WARN_ENUM_CONVERSION = YES;
				CLANG_WARN_INFINITE_RECURSION = YES;
				CLANG_WARN_INT_CONVERSION = YES;
				CLANG_WARN_NON_LITERAL_NULL_CONVERSION = YES;
				CLANG_WARN_OBJC_IMPLICIT_RETAIN_SELF = YES;
				CLANG_WARN_OBJC_LITERAL_CONVERSION = YES;
				CLANG_WARN_OBJC_ROOT_CLASS = YES_ERROR;
				CLANG_WARN_QUOTED_INCLUDE_IN_FRAMEWORK_HEADER = YES;
				CLANG_WARN_RANGE_LOOP_ANALYSIS = YES;
				CLANG_WARN_STRICT_PROTOTYPES = YES;
				CLANG_WARN_SUSPICIOUS_MOVE = YES;
				CLANG_WARN_UNGUARDED_AVAILABILITY = YES_AGGRESSIVE;
				CLANG_WARN_UNREACHABLE_CODE = YES;
				CLANG_WARN__DUPLICATE_METHOD_MATCH = YES;
				COPY_PHASE_STRIP = NO;
				DEBUG_INFORMATION_FORMAT = "dwarf-with-dsym";
				ENABLE_NS_ASSERTIONS = NO;
				ENABLE_STRICT_OBJC_MSGSEND = YES;
				ENABLE_USER_SCRIPT_SANDBOXING = YES;
				GCC_C_LANGUAGE_STANDARD = gnu17;
				GCC_NO_COMMON_BLOCKS = YES;
				GCC_WARN_64_TO_32_BIT_CONVERSION = YES;
				GCC_WARN_ABOUT_RETURN_TYPE = YES_ERROR;
				GCC_WARN_UNDECLARED_SELECTOR = YES;
				GCC_WARN_UNINITIALIZED_AUTOS = YES_AGGRESSIVE;
				GCC_WARN_UNUSED_FUNCTION = YES;
				GCC_WARN_UNUSED_VARIABLE = YES;
				IPHONEOS_DEPLOYMENT_TARGET = 17.0;
				LOCALIZATION_PREFERS_STRING_CATALOGS = YES;
				MTL_ENABLE_DEBUG_INFO = NO;
				MTL_FAST_MATH = YES;
				SDKROOT = iphoneos;
				SWIFT_COMPILATION_MODE = wholemodule;
				VALIDATE_PRODUCT = YES;
			};
			name = Release;
		};
		4E421A482B970E1600B62C2B /* Debug */ = {
			isa = XCBuildConfiguration;
			buildSettings = {
				ASSETCATALOG_COMPILER_APPICON_NAME = AppIcon;
				ASSETCATALOG_COMPILER_GLOBAL_ACCENT_COLOR_NAME = AccentColor;
				CODE_SIGN_STYLE = Automatic;
				CURRENT_PROJECT_VERSION = 1;
				DEVELOPMENT_TEAM = 586K899ZYU;
				GENERATE_INFOPLIST_FILE = YES;
				INFOPLIST_FILE = myProject1/Info.plist;
				INFOPLIST_KEY_UIApplicationSupportsIndirectInputEvents = YES;
				INFOPLIST_KEY_UILaunchStoryboardName = LaunchScreen;
				INFOPLIST_KEY_UISupportedInterfaceOrientations_iPad = "UIInterfaceOrientationPortrait UIInterfaceOrientationPortraitUpsideDown UIInterfaceOrientationLandscapeLeft UIInterfaceOrientationLandscapeRight";
				INFOPLIST_KEY_UISupportedInterfaceOrientations_iPhone = "UIInterfaceOrientationPortrait UIInterfaceOrientationLandscapeLeft UIInterfaceOrientationLandscapeRight";
				LD_RUNPATH_SEARCH_PATHS = (
					"$(inherited)",
					"@executable_path/Frameworks",
				);
				MARKETING_VERSION = 1.0;
				PRODUCT_BUNDLE_IDENTIFIER = com.myProject1;
				PRODUCT_NAME = "$(TARGET_NAME)";
				SWIFT_EMIT_LOC_STRINGS = YES;
				SWIFT_VERSION = 5.0;
				TARGETED_DEVICE_FAMILY = "1,2";
			};
			name = Debug;
		};
		4E421A492B970E1600B62C2B /* Release */ = {
			isa = XCBuildConfiguration;
			buildSettings = {
				ASSETCATALOG_COMPILER_APPICON_NAME = AppIcon;
				ASSETCATALOG_COMPILER_GLOBAL_ACCENT_COLOR_NAME = AccentColor;
				CODE_SIGN_STYLE = Automatic;
				CURRENT_PROJECT_VERSION = 1;
				DEVELOPMENT_TEAM = 586K899ZYU;
				GENERATE_INFOPLIST_FILE = YES;
				INFOPLIST_FILE = myProject1/Info.plist;
				INFOPLIST_KEY_UIApplicationSupportsIndirectInputEvents = YES;
				INFOPLIST_KEY_UILaunchStoryboardName = LaunchScreen;
				INFOPLIST_KEY_UISupportedInterfaceOrientations_iPad = "UIInterfaceOrientationPortrait UIInterfaceOrientationPortraitUpsideDown UIInterfaceOrientationLandscapeLeft UIInterfaceOrientationLandscapeRight";
				INFOPLIST_KEY_UISupportedInterfaceOrientations_iPhone = "UIInterfaceOrientationPortrait UIInterfaceOrientationLandscapeLeft UIInterfaceOrientationLandscapeRight";
				LD_RUNPATH_SEARCH_PATHS = (
					"$(inherited)",
					"@executable_path/Frameworks",
				);
				MARKETING_VERSION = 1.0;
				PRODUCT_BUNDLE_IDENTIFIER = com.myProject1;
				PRODUCT_NAME = "$(TARGET_NAME)";
				SWIFT_EMIT_LOC_STRINGS = YES;
				SWIFT_VERSION = 5.0;
				TARGETED_DEVICE_FAMILY = "1,2";
			};
			name = Release;
		};
/* End XCBuildConfiguration section */

/* Begin XCConfigurationList section */
		4E421A2E2B970E1500B62C2B /* Build configuration list for PBXProject "myProject1" */ = {
			isa = XCConfigurationList;
			buildConfigurations = (
				4E421A452B970E1600B62C2B /* Debug */,
				4E421A462B970E1600B62C2B /* Release */,
			);
			defaultConfigurationIsVisible = 0;
			defaultConfigurationName = Release;
		};
		4E421A472B970E1600B62C2B /* Build configuration list for PBXNativeTarget "myProject1" */ = {
			isa = XCConfigurationList;
			buildConfigurations = (
				4E421A482B970E1600B62C2B /* Debug */,
				4E421A492B970E1600B62C2B /* Release */,
			);
			defaultConfigurationIsVisible = 0;
			defaultConfigurationName = Release;
		};
/* End XCConfigurationList section */

/* Begin XCRemoteSwiftPackageReference section */
		4E1488692B9957BC002C3518 /* XCRemoteSwiftPackageReference "Alamofire" */ = {
			isa = XCRemoteSwiftPackageReference;
			repositoryURL = "https://github.com/Alamofire/Alamofire";
			requirement = {
				kind = upToNextMajorVersion;
				minimumVersion = 5.9.0;
			};
		};
		4E14886E2B9957E1002C3518 /* XCRemoteSwiftPackageReference "SDWebImage" */ = {
			isa = XCRemoteSwiftPackageReference;
			repositoryURL = "https://github.com/SDWebImage/SDWebImage";
			requirement = {
				kind = upToNextMajorVersion;
				minimumVersion = 5.19.0;
			};
		};
		4E421A4E2B97170800B62C2B /* XCRemoteSwiftPackageReference "SnapKit" */ = {
			isa = XCRemoteSwiftPackageReference;
			repositoryURL = "https://github.com/SnapKit/SnapKit.git";
			requirement = {
				kind = upToNextMajorVersion;
				minimumVersion = 5.7.1;
			};
		};
		4ED117D32B980620003B930E /* XCRemoteSwiftPackageReference "RxSwift" */ = {
			isa = XCRemoteSwiftPackageReference;
			repositoryURL = "https://github.com/ReactiveX/RxSwift";
			requirement = {
				kind = upToNextMajorVersion;
				minimumVersion = 6.6.0;
			};
		};
/* End XCRemoteSwiftPackageReference section */

/* Begin XCSwiftPackageProductDependency section */
		4E14886A2B9957BC002C3518 /* Alamofire */ = {
			isa = XCSwiftPackageProductDependency;
			package = 4E1488692B9957BC002C3518 /* XCRemoteSwiftPackageReference "Alamofire" */;
			productName = Alamofire;
		};
		4E14886C2B9957BC002C3518 /* AlamofireDynamic */ = {
			isa = XCSwiftPackageProductDependency;
			package = 4E1488692B9957BC002C3518 /* XCRemoteSwiftPackageReference "Alamofire" */;
			productName = AlamofireDynamic;
		};
		4E14886F2B9957E1002C3518 /* SDWebImage */ = {
			isa = XCSwiftPackageProductDependency;
			package = 4E14886E2B9957E1002C3518 /* XCRemoteSwiftPackageReference "SDWebImage" */;
			productName = SDWebImage;
		};
		4E1488712B9957E1002C3518 /* SDWebImageMapKit */ = {
			isa = XCSwiftPackageProductDependency;
			package = 4E14886E2B9957E1002C3518 /* XCRemoteSwiftPackageReference "SDWebImage" */;
			productName = SDWebImageMapKit;
		};
		4E421A4F2B97170800B62C2B /* SnapKit */ = {
			isa = XCSwiftPackageProductDependency;
			package = 4E421A4E2B97170800B62C2B /* XCRemoteSwiftPackageReference "SnapKit" */;
			productName = SnapKit;
		};
		4E421A512B97170800B62C2B /* SnapKit-Dynamic */ = {
			isa = XCSwiftPackageProductDependency;
			package = 4E421A4E2B97170800B62C2B /* XCRemoteSwiftPackageReference "SnapKit" */;
			productName = "SnapKit-Dynamic";
		};
		4ED117D42B980620003B930E /* RxBlocking */ = {
			isa = XCSwiftPackageProductDependency;
			package = 4ED117D32B980620003B930E /* XCRemoteSwiftPackageReference "RxSwift" */;
			productName = RxBlocking;
		};
		4ED117D62B980620003B930E /* RxBlocking-Dynamic */ = {
			isa = XCSwiftPackageProductDependency;
			package = 4ED117D32B980620003B930E /* XCRemoteSwiftPackageReference "RxSwift" */;
			productName = "RxBlocking-Dynamic";
		};
		4ED117D82B980620003B930E /* RxCocoa */ = {
			isa = XCSwiftPackageProductDependency;
			package = 4ED117D32B980620003B930E /* XCRemoteSwiftPackageReference "RxSwift" */;
			productName = RxCocoa;
		};
		4ED117DA2B980620003B930E /* RxCocoa-Dynamic */ = {
			isa = XCSwiftPackageProductDependency;
			package = 4ED117D32B980620003B930E /* XCRemoteSwiftPackageReference "RxSwift" */;
			productName = "RxCocoa-Dynamic";
		};
		4ED117DC2B980620003B930E /* RxRelay */ = {
			isa = XCSwiftPackageProductDependency;
			package = 4ED117D32B980620003B930E /* XCRemoteSwiftPackageReference "RxSwift" */;
			productName = RxRelay;
		};
/* End XCSwiftPackageProductDependency section */
	};
	rootObject = 4E421A2B2B970E1500B62C2B /* Project object */;
}
